PODS:
  - did_change_authlocal (1.0.0):
    - Flutter
  - Flutter (1.0.0)

DEPENDENCIES:
  - did_change_authlocal (from `.symlinks/plugins/did_change_authlocal/ios`)
  - Flutter (from `Flutter`)

EXTERNAL SOURCES:
  did_change_authlocal:
    :path: ".symlinks/plugins/did_change_authlocal/ios"
  Flutter:
    :path: Flutter

SPEC CHECKSUMS:
  did_change_authlocal: 4b64dd7a060aad0595f296cbdf8bb47a368beaca
  Flutter: e0871f40cf51350855a761d2e70bf5af5b9b5de7

PODFILE CHECKSUM: 819463e6a0290f5a72f145ba7cde16e8b6ef0796

COCOAPODS: 1.16.2
